{
  "name": "markdown-doc-loader",
  "version": "1.0.0",
  "lockfileVersion": 1,
  "requires": true,
  "dependencies": {
    "fault": {
      "version": "1.0.1",
      "resolved": "https://registry.npmjs.org/fault/-/fault-1.0.1.tgz",
      "integrity": "sha1-3o01Df1IviS13BsChn4IcbkTUJI=",
      "requires": {
        "format": "0.2.2"
      }
    },
    "format": {
      "version": "0.2.2",
      "resolved": "https://registry.npmjs.org/format/-/format-0.2.2.tgz",
      "integrity": "sha1-1hcBB+nv3E7TDJ3DkBbflCtctYs="
    },
    "remark-frontmatter": {
      "version": "1.1.0",
      "resolved": "https://registry.npmjs.org/remark-frontmatter/-/remark-frontmatter-1.1.0.tgz",
      "integrity": "sha512-mLbYtwP9w1L9TA8dX+I/HyDF5lCpa0dmYvvW9Io+zUPpqEZ49QMKWb0hSpunpLVA+Squy0SowzSzjHVPbxWq1g==",
      "requires": {
        "fault": "1.0.1",
        "xtend": "4.0.1"
      }
    },
    "xtend": {
      "version": "4.0.1",
      "resolved": "https://registry.npmjs.org/xtend/-/xtend-4.0.1.tgz",
      "integrity": "sha1-pcbVMr5lbiPbgg77lDofBJmNY68="
    }
  }
}
